
Microsoft Visual Studio Solution File, Format Version 12.00
# Visual Studio Version 17
VisualStudioVersion = 17.1.32421.90
MinimumVisualStudioVersion = 10.0.40219.1
Project("{FAE04EC0-301F-11D3-BF4B-00C04F79EFBC}") = "ProductManager", "ProductManager\ProductManager.csproj", "{7234C448-C5E7-4F4F-AB19-970AB23F5738}"
EndProject
Global
	GlobalSection(SolutionConfigurationPlatforms) = preSolution
		Debug|Any CPU = Debug|Any CPU
		Release|Any CPU = Release|Any CPU
	EndGlobalSection
	GlobalSection(ProjectConfigurationPlatforms) = postSolution
		{7234C448-C5E7-4F4F-AB19-970AB23F5738}.Debug|Any CPU.ActiveCfg = Debug|Any CPU
		{7234C448-C5E7-4F4F-AB19-970AB23F5738}.Debug|Any CPU.Build.0 = Debug|Any CPU
		{7234C448-C5E7-4F4F-AB19-970AB23F5738}.Release|Any CPU.ActiveCfg = Release|Any CPU
		{7234C448-C5E7-4F4F-AB19-970AB23F5738}.Release|Any CPU.Build.0 = Release|Any CPU
	EndGlobalSection
	GlobalSection(SolutionProperties) = preSolution
		HideSolutionNode = FALSE
	EndGlobalSection
	GlobalSection(ExtensibilityGlobals) = postSolution
		SolutionGuid = {CBD19E93-02EF-4284-A385-D7D2A002A0A2}
	EndGlobalSection
EndGlobal
